{
  "object": {
    "pins": [
      {
        "package": "GHODictionary",
        "repositoryURL": "https://github.com/MickyMikeH/GHODictionary.git",
        "state": {
          "branch": null,
          "revision": "f24e9405b542ec0a16038a76013a8946a8537b2e",
          "version": "1.0.0"
        }
      }
    ]
  },
  "version": 1
}
